
Microsoft Visual Studio Solution File, Format Version 12.00
# Visual Studio Version 17
VisualStudioVersion = 17.12.35707.178 d17.12
MinimumVisualStudioVersion = 10.0.40219.1
Project("{FAE04EC0-301F-11D3-BF4B-00C04F79EFBC}") = "DocXToPDF", "DocXToPDF\DocXToPDF.csproj", "{134B48B4-79B9-46AB-A6D0-8C4D91C5C375}"
EndProject
Project("{FAE04EC0-301F-11D3-BF4B-00C04F79EFBC}") = "TestProject", "TestProject\TestProject.csproj", "{98D7CFEE-C07B-4E1F-BAC0-57C952ECA92B}"
EndProject
Global
	GlobalSection(SolutionConfigurationPlatforms) = preSolution
		Debug|Any CPU = Debug|Any CPU
		Release|Any CPU = Release|Any CPU
	EndGlobalSection
	GlobalSection(ProjectConfigurationPlatforms) = postSolution
		{134B48B4-79B9-46AB-A6D0-8C4D91C5C375}.Debug|Any CPU.ActiveCfg = Debug|Any CPU
		{134B48B4-79B9-46AB-A6D0-8C4D91C5C375}.Debug|Any CPU.Build.0 = Debug|Any CPU
		{134B48B4-79B9-46AB-A6D0-8C4D91C5C375}.Release|Any CPU.ActiveCfg = Release|Any CPU
		{134B48B4-79B9-46AB-A6D0-8C4D91C5C375}.Release|Any CPU.Build.0 = Release|Any CPU
		{98D7CFEE-C07B-4E1F-BAC0-57C952ECA92B}.Debug|Any CPU.ActiveCfg = Debug|Any CPU
		{98D7CFEE-C07B-4E1F-BAC0-57C952ECA92B}.Debug|Any CPU.Build.0 = Debug|Any CPU
		{98D7CFEE-C07B-4E1F-BAC0-57C952ECA92B}.Release|Any CPU.ActiveCfg = Release|Any CPU
		{98D7CFEE-C07B-4E1F-BAC0-57C952ECA92B}.Release|Any CPU.Build.0 = Release|Any CPU
	EndGlobalSection
	GlobalSection(SolutionProperties) = preSolution
		HideSolutionNode = FALSE
	EndGlobalSection
EndGlobal
